// !$*UTF8*$!
{
	archiveVersion = 1;
	classes = {
	};
	objectVersion = 50;
	objects = {

/* Begin PBXBuildFile section */
		7D4BEDF121CCD49C00BBE40B /* HomeChooseTypeController.m in Sources */ = {isa = PBXBuildFile; fileRef = 7D4BEDF021CCD49C00BBE40B /* HomeChooseTypeController.m */; };
		7D4BEE1321CCD5AC00BBE40B /* MJPropertyType.m in Sources */ = {isa = PBXBuildFile; fileRef = 7D4BEDF721CCD5AC00BBE40B /* MJPropertyType.m */; };
		7D4BEE1421CCD5AC00BBE40B /* NSObject+MJKeyValue.m in Sources */ = {isa = PBXBuildFile; fileRef = 7D4BEDFA21CCD5AC00BBE40B /* NSObject+MJKeyValue.m */; };
		7D4BEE1521CCD5AC00BBE40B /* MJProperty.m in Sources */ = {isa = PBXBuildFile; fileRef = 7D4BEDFB21CCD5AC00BBE40B /* MJProperty.m */; };
		7D4BEE1621CCD5AC00BBE40B /* NSObject+MJCoding.m in Sources */ = {isa = PBXBuildFile; fileRef = 7D4BEDFD21CCD5AC00BBE40B /* NSObject+MJCoding.m */; };
		7D4BEE1721CCD5AC00BBE40B /* MJExtensionConst.m in Sources */ = {isa = PBXBuildFile; fileRef = 7D4BEDFF21CCD5AC00BBE40B /* MJExtensionConst.m */; };
		7D4BEE1821CCD5AC00BBE40B /* NSObject+MJProperty.m in Sources */ = {isa = PBXBuildFile; fileRef = 7D4BEE0021CCD5AC00BBE40B /* NSObject+MJProperty.m */; };
		7D4BEE1921CCD5AC00BBE40B /* NSObject+MJClass.m in Sources */ = {isa = PBXBuildFile; fileRef = 7D4BEE0221CCD5AC00BBE40B /* NSObject+MJClass.m */; };
		7D4BEE1A21CCD5AC00BBE40B /* NSString+MJExtension.m in Sources */ = {isa = PBXBuildFile; fileRef = 7D4BEE0321CCD5AC00BBE40B /* NSString+MJExtension.m */; };
		7D4BEE1B21CCD5AC00BBE40B /* MJPropertyKey.m in Sources */ = {isa = PBXBuildFile; fileRef = 7D4BEE0421CCD5AC00BBE40B /* MJPropertyKey.m */; };
		7D4BEE1D21CCD5AC00BBE40B /* MJFoundation.m in Sources */ = {isa = PBXBuildFile; fileRef = 7D4BEE0921CCD5AC00BBE40B /* MJFoundation.m */; };
		7D4BEE1E21CCD5AC00BBE40B /* UIViewController+RTRootNavigationController.m in Sources */ = {isa = PBXBuildFile; fileRef = 7D4BEE0C21CCD5AC00BBE40B /* UIViewController+RTRootNavigationController.m */; };
		7D4BEE1F21CCD5AC00BBE40B /* .gitkeep in Resources */ = {isa = PBXBuildFile; fileRef = 7D4BEE0E21CCD5AC00BBE40B /* .gitkeep */; };
		7D4BEE2021CCD5AC00BBE40B /* RTRootNavigationController.m in Sources */ = {isa = PBXBuildFile; fileRef = 7D4BEE1021CCD5AC00BBE40B /* RTRootNavigationController.m */; };
		7D4BEE2121CCD5AC00BBE40B /* .gitkeep in Resources */ = {isa = PBXBuildFile; fileRef = 7D4BEE1221CCD5AC00BBE40B /* .gitkeep */; };
		7D61226E21CCE66B0087CD15 /* HomeAddTypeController.m in Sources */ = {isa = PBXBuildFile; fileRef = 7D61226D21CCE66B0087CD15 /* HomeAddTypeController.m */; };
		7D61227421CCECD20087CD15 /* HomeDetailController.m in Sources */ = {isa = PBXBuildFile; fileRef = 7D61227221CCECD20087CD15 /* HomeDetailController.m */; };
		7D61227521CCECD20087CD15 /* HomeDetailController.xib in Resources */ = {isa = PBXBuildFile; fileRef = 7D61227321CCECD20087CD15 /* HomeDetailController.xib */; };
		7D650AFF21CF4DAC0006D7FF /* HomeMatchingController.m in Sources */ = {isa = PBXBuildFile; fileRef = 7D650AFE21CF4DAC0006D7FF /* HomeMatchingController.m */; };
		7D650B0221CF59F50006D7FF /* HomeMatchingCell.m in Sources */ = {isa = PBXBuildFile; fileRef = 7D650B0121CF59F50006D7FF /* HomeMatchingCell.m */; };
		7D650B0421CF5B380006D7FF /* HomeMatchingCell.xib in Resources */ = {isa = PBXBuildFile; fileRef = 7D650B0321CF5B380006D7FF /* HomeMatchingCell.xib */; };
		7D650B0721CF5E2C0006D7FF /* HomeChooseBrandController.m in Sources */ = {isa = PBXBuildFile; fileRef = 7D650B0621CF5E2C0006D7FF /* HomeChooseBrandController.m */; };
		7D650B0A21CF62AB0006D7FF /* HomeTVDetailController.m in Sources */ = {isa = PBXBuildFile; fileRef = 7D650B0921CF62AB0006D7FF /* HomeTVDetailController.m */; };
		7D650B0D21CF64720006D7FF /* HomeTVCell.m in Sources */ = {isa = PBXBuildFile; fileRef = 7D650B0C21CF64720006D7FF /* HomeTVCell.m */; };
		7D650B1021CF65FB0006D7FF /* HomeTVDetailFooterView.m in Sources */ = {isa = PBXBuildFile; fileRef = 7D650B0F21CF65FB0006D7FF /* HomeTVDetailFooterView.m */; };
		7D650B1221CF66110006D7FF /* HomeTVDetailFooterView.xib in Resources */ = {isa = PBXBuildFile; fileRef = 7D650B1121CF66110006D7FF /* HomeTVDetailFooterView.xib */; };
		7D650B1621CF6A140006D7FF /* HomeAirConditioningController.m in Sources */ = {isa = PBXBuildFile; fileRef = 7D650B1421CF6A140006D7FF /* HomeAirConditioningController.m */; };
		7D6BB6E321D227AE00FE16D4 /* UIProgressView+AFNetworking.m in Sources */ = {isa = PBXBuildFile; fileRef = 7D6BB6B521D227AE00FE16D4 /* UIProgressView+AFNetworking.m */; };
		7D6BB6E421D227AE00FE16D4 /* UIRefreshControl+AFNetworking.m in Sources */ = {isa = PBXBuildFile; fileRef = 7D6BB6B721D227AE00FE16D4 /* UIRefreshControl+AFNetworking.m */; };
		7D6BB6E521D227AE00FE16D4 /* AFNetworkActivityIndicatorManager.m in Sources */ = {isa = PBXBuildFile; fileRef = 7D6BB6BA21D227AE00FE16D4 /* AFNetworkActivityIndicatorManager.m */; };
		7D6BB6E621D227AE00FE16D4 /* UIImageView+AFNetworking.m in Sources */ = {isa = PBXBuildFile; fileRef = 7D6BB6C021D227AE00FE16D4 /* UIImageView+AFNetworking.m */; };
		7D6BB6E721D227AE00FE16D4 /* UIButton+AFNetworking.m in Sources */ = {isa = PBXBuildFile; fileRef = 7D6BB6C321D227AE00FE16D4 /* UIButton+AFNetworking.m */; };
		7D6BB6E821D227AE00FE16D4 /* UIActivityIndicatorView+AFNetworking.m in Sources */ = {isa = PBXBuildFile; fileRef = 7D6BB6C421D227AE00FE16D4 /* UIActivityIndicatorView+AFNetworking.m */; };
		7D6BB6E921D227AE00FE16D4 /* UIWebView+AFNetworking.m in Sources */ = {isa = PBXBuildFile; fileRef = 7D6BB6C521D227AE00FE16D4 /* UIWebView+AFNetworking.m */; };
		7D6BB6EA21D227AE00FE16D4 /* AFAutoPurgingImageCache.m in Sources */ = {isa = PBXBuildFile; fileRef = 7D6BB6C621D227AE00FE16D4 /* AFAutoPurgingImageCache.m */; };
		7D6BB6EB21D227AE00FE16D4 /* AFImageDownloader.m in Sources */ = {isa = PBXBuildFile; fileRef = 7D6BB6C821D227AE00FE16D4 /* AFImageDownloader.m */; };
		7D6BB6EC21D227AE00FE16D4 /* AFURLResponseSerialization.m in Sources */ = {isa = PBXBuildFile; fileRef = 7D6BB6CE21D227AE00FE16D4 /* AFURLResponseSerialization.m */; };
		7D6BB6ED21D227AE00FE16D4 /* AFHTTPSessionManager.m in Sources */ = {isa = PBXBuildFile; fileRef = 7D6BB6CF21D227AE00FE16D4 /* AFHTTPSessionManager.m */; };
		7D6BB6EE21D227AE00FE16D4 /* AFURLSessionManager.m in Sources */ = {isa = PBXBuildFile; fileRef = 7D6BB6D121D227AE00FE16D4 /* AFURLSessionManager.m */; };
		7D6BB6EF21D227AE00FE16D4 /* AFURLRequestSerialization.m in Sources */ = {isa = PBXBuildFile; fileRef = 7D6BB6D221D227AE00FE16D4 /* AFURLRequestSerialization.m */; };
		7D6BB6F021D227AE00FE16D4 /* AFNetworkReachabilityManager.m in Sources */ = {isa = PBXBuildFile; fileRef = 7D6BB6D421D227AE00FE16D4 /* AFNetworkReachabilityManager.m */; };
		7D6BB6F121D227AE00FE16D4 /* AFSecurityPolicy.m in Sources */ = {isa = PBXBuildFile; fileRef = 7D6BB6D521D227AE00FE16D4 /* AFSecurityPolicy.m */; };
		7D6BB6F221D227AE00FE16D4 /* SVRadialGradientLayer.m in Sources */ = {isa = PBXBuildFile; fileRef = 7D6BB6D921D227AE00FE16D4 /* SVRadialGradientLayer.m */; };
		7D6BB6F321D227AE00FE16D4 /* SVProgressAnimatedView.m in Sources */ = {isa = PBXBuildFile; fileRef = 7D6BB6DC21D227AE00FE16D4 /* SVProgressAnimatedView.m */; };
		7D6BB6F421D227AE00FE16D4 /* SVProgressHUD.m in Sources */ = {isa = PBXBuildFile; fileRef = 7D6BB6DF21D227AE00FE16D4 /* SVProgressHUD.m */; };
		7D6BB6F521D227AE00FE16D4 /* SVIndefiniteAnimatedView.m in Sources */ = {isa = PBXBuildFile; fileRef = 7D6BB6E021D227AE00FE16D4 /* SVIndefiniteAnimatedView.m */; };
		7D6BB6F621D227AE00FE16D4 /* SVProgressHUD.bundle in Resources */ = {isa = PBXBuildFile; fileRef = 7D6BB6E121D227AE00FE16D4 /* SVProgressHUD.bundle */; };
		7D6BB6F921D227B800FE16D4 /* Networking.m in Sources */ = {isa = PBXBuildFile; fileRef = 7D6BB6F721D227B800FE16D4 /* Networking.m */; };
		7D6BB6FA21D22E2C00FE16D4 /* UIView+Frame.m in Sources */ = {isa = PBXBuildFile; fileRef = 7D61226A21CCDF110087CD15 /* UIView+Frame.m */; };
		7D6BB6FD21D234C900FE16D4 /* HomeBrandModel.m in Sources */ = {isa = PBXBuildFile; fileRef = 7D6BB6FC21D234C900FE16D4 /* HomeBrandModel.m */; };
		7D6BB70321D315E600FE16D4 /* HomeAirConditioningHeadView.m in Sources */ = {isa = PBXBuildFile; fileRef = 7D6BB70221D315E600FE16D4 /* HomeAirConditioningHeadView.m */; };
		7D6BB70521D315F500FE16D4 /* HomeAirConditioningHeadView.xib in Resources */ = {isa = PBXBuildFile; fileRef = 7D6BB70421D315F500FE16D4 /* HomeAirConditioningHeadView.xib */; };
		7D6BB70821D31C1800FE16D4 /* HomeAirCondiontingValueModel.m in Sources */ = {isa = PBXBuildFile; fileRef = 7D6BB70721D31C1800FE16D4 /* HomeAirCondiontingValueModel.m */; };
		7D6BB70B21D31E6A00FE16D4 /* HomeKeyModel.m in Sources */ = {isa = PBXBuildFile; fileRef = 7D6BB70A21D31E6A00FE16D4 /* HomeKeyModel.m */; };
		7D6BB71121D320F900FE16D4 /* MBProgressHUD.m in Sources */ = {isa = PBXBuildFile; fileRef = 7D6BB70F21D320F900FE16D4 /* MBProgressHUD.m */; };
		7DA6EFD321CCBAD0004D5FC8 /* AppDelegate.m in Sources */ = {isa = PBXBuildFile; fileRef = 7DA6EFD221CCBAD0004D5FC8 /* AppDelegate.m */; };
		7DA6EFD921CCBAD0004D5FC8 /* Main.storyboard in Resources */ = {isa = PBXBuildFile; fileRef = 7DA6EFD721CCBAD0004D5FC8 /* Main.storyboard */; };
		7DA6EFDB21CCBAD1004D5FC8 /* Assets.xcassets in Resources */ = {isa = PBXBuildFile; fileRef = 7DA6EFDA21CCBAD1004D5FC8 /* Assets.xcassets */; };
		7DA6EFDE21CCBAD1004D5FC8 /* LaunchScreen.storyboard in Resources */ = {isa = PBXBuildFile; fileRef = 7DA6EFDC21CCBAD1004D5FC8 /* LaunchScreen.storyboard */; };
		7DA6EFE121CCBAD1004D5FC8 /* main.m in Sources */ = {isa = PBXBuildFile; fileRef = 7DA6EFE021CCBAD1004D5FC8 /* main.m */; };
		7DA6EFEE21CCBDFB004D5FC8 /* BaseController.m in Sources */ = {isa = PBXBuildFile; fileRef = 7DA6EFED21CCBDFB004D5FC8 /* BaseController.m */; };
		7DA6EFF221CCBEE8004D5FC8 /* TabBarMainController.m in Sources */ = {isa = PBXBuildFile; fileRef = 7DA6EFF121CCBEE8004D5FC8 /* TabBarMainController.m */; };
		7DA6EFF521CCBF04004D5FC8 /* NavigationController.m in Sources */ = {isa = PBXBuildFile; fileRef = 7DA6EFF421CCBF04004D5FC8 /* NavigationController.m */; };
		7DA6EFF821CCBF1E004D5FC8 /* HomeController.m in Sources */ = {isa = PBXBuildFile; fileRef = 7DA6EFF721CCBF1E004D5FC8 /* HomeController.m */; };
		7DA6EFFB21CCBF2C004D5FC8 /* SettingController.m in Sources */ = {isa = PBXBuildFile; fileRef = 7DA6EFFA21CCBF2C004D5FC8 /* SettingController.m */; };
		7DA6EFFE21CCBF39004D5FC8 /* ScenceController.m in Sources */ = {isa = PBXBuildFile; fileRef = 7DA6EFFD21CCBF39004D5FC8 /* ScenceController.m */; };
		7DA6F00221CCC98F004D5FC8 /* HomeCollectionViewCell.m in Sources */ = {isa = PBXBuildFile; fileRef = 7DA6F00021CCC98E004D5FC8 /* HomeCollectionViewCell.m */; };
		7DA6F00621CCCD22004D5FC8 /* HomeModel.m in Sources */ = {isa = PBXBuildFile; fileRef = 7DA6F00521CCCD22004D5FC8 /* HomeModel.m */; };
		7DA6F00921CCD2EA004D5FC8 /* HomeCategoryController.m in Sources */ = {isa = PBXBuildFile; fileRef = 7DA6F00821CCD2EA004D5FC8 /* HomeCategoryController.m */; };
/* End PBXBuildFile section */

/* Begin PBXFileReference section */
		7D4BEDEF21CCD49C00BBE40B /* HomeChooseTypeController.h */ = {isa = PBXFileReference; lastKnownFileType = sourcecode.c.h; path = HomeChooseTypeController.h; sourceTree = "<group>"; };
		7D4BEDF021CCD49C00BBE40B /* HomeChooseTypeController.m */ = {isa = PBXFileReference; lastKnownFileType = sourcecode.c.objc; path = HomeChooseTypeController.m; sourceTree = "<group>"; };
		7D4BEDF421CCD5AC00BBE40B /* MJPropertyKey.h */ = {isa = PBXFileReference; fileEncoding = 4; lastKnownFileType = sourcecode.c.h; path = MJPropertyKey.h; sourceTree = "<group>"; };
		7D4BEDF521CCD5AC00BBE40B /* NSObject+MJClass.h */ = {isa = PBXFileReference; fileEncoding = 4; lastKnownFileType = sourcecode.c.h; path = "NSObject+MJClass.h"; sourceTree = "<group>"; };
		7D4BEDF621CCD5AC00BBE40B /* NSString+MJExtension.h */ = {isa = PBXFileReference; fileEncoding = 4; lastKnownFileType = sourcecode.c.h; path = "NSString+MJExtension.h"; sourceTree = "<group>"; };
		7D4BEDF721CCD5AC00BBE40B /* MJPropertyType.m */ = {isa = PBXFileReference; fileEncoding = 4; lastKnownFileType = sourcecode.c.objc; path = MJPropertyType.m; sourceTree = "<group>"; };
		7D4BEDF821CCD5AC00BBE40B /* NSObject+MJProperty.h */ = {isa = PBXFileReference; fileEncoding = 4; lastKnownFileType = sourcecode.c.h; path = "NSObject+MJProperty.h"; sourceTree = "<group>"; };
		7D4BEDF921CCD5AC00BBE40B /* MJExtensionConst.h */ = {isa = PBXFileReference; fileEncoding = 4; lastKnownFileType = sourcecode.c.h; path = MJExtensionConst.h; sourceTree = "<group>"; };
		7D4BEDFA21CCD5AC00BBE40B /* NSObject+MJKeyValue.m */ = {isa = PBXFileReference; fileEncoding = 4; lastKnownFileType = sourcecode.c.objc; path = "NSObject+MJKeyValue.m"; sourceTree = "<group>"; };
		7D4BEDFB21CCD5AC00BBE40B /* MJProperty.m */ = {isa = PBXFileReference; fileEncoding = 4; lastKnownFileType = sourcecode.c.objc; path = MJProperty.m; sourceTree = "<group>"; };
		7D4BEDFC21CCD5AC00BBE40B /* MJFoundation.h */ = {isa = PBXFileReference; fileEncoding = 4; lastKnownFileType = sourcecode.c.h; path = MJFoundation.h; sourceTree = "<group>"; };
		7D4BEDFD21CCD5AC00BBE40B /* NSObject+MJCoding.m */ = {isa = PBXFileReference; fileEncoding = 4; lastKnownFileType = sourcecode.c.objc; path = "NSObject+MJCoding.m"; sourceTree = "<group>"; };
		7D4BEDFE21CCD5AC00BBE40B /* MJExtension.h */ = {isa = PBXFileReference; fileEncoding = 4; lastKnownFileType = sourcecode.c.h; path = MJExtension.h; sourceTree = "<group>"; };
		7D4BEDFF21CCD5AC00BBE40B /* MJExtensionConst.m */ = {isa = PBXFileReference; fileEncoding = 4; lastKnownFileType = sourcecode.c.objc; path = MJExtensionConst.m; sourceTree = "<group>"; };
		7D4BEE0021CCD5AC00BBE40B /* NSObject+MJProperty.m */ = {isa = PBXFileReference; fileEncoding = 4; lastKnownFileType = sourcecode.c.objc; path = "NSObject+MJProperty.m"; sourceTree = "<group>"; };
		7D4BEE0121CCD5AC00BBE40B /* MJPropertyType.h */ = {isa = PBXFileReference; fileEncoding = 4; lastKnownFileType = sourcecode.c.h; path = MJPropertyType.h; sourceTree = "<group>"; };
		7D4BEE0221CCD5AC00BBE40B /* NSObject+MJClass.m */ = {isa = PBXFileReference; fileEncoding = 4; lastKnownFileType = sourcecode.c.objc; path = "NSObject+MJClass.m"; sourceTree = "<group>"; };
		7D4BEE0321CCD5AC00BBE40B /* NSString+MJExtension.m */ = {isa = PBXFileReference; fileEncoding = 4; lastKnownFileType = sourcecode.c.objc; path = "NSString+MJExtension.m"; sourceTree = "<group>"; };
		7D4BEE0421CCD5AC00BBE40B /* MJPropertyKey.m */ = {isa = PBXFileReference; fileEncoding = 4; lastKnownFileType = sourcecode.c.objc; path = MJPropertyKey.m; sourceTree = "<group>"; };
		7D4BEE0521CCD5AC00BBE40B /* MJProperty.h */ = {isa = PBXFileReference; fileEncoding = 4; lastKnownFileType = sourcecode.c.h; path = MJProperty.h; sourceTree = "<group>"; };
		7D4BEE0621CCD5AC00BBE40B /* NSObject+MJKeyValue.h */ = {isa = PBXFileReference; fileEncoding = 4; lastKnownFileType = sourcecode.c.h; path = "NSObject+MJKeyValue.h"; sourceTree = "<group>"; };
		7D4BEE0721CCD5AC00BBE40B /* NSObject+MJCoding.h */ = {isa = PBXFileReference; fileEncoding = 4; lastKnownFileType = sourcecode.c.h; path = "NSObject+MJCoding.h"; sourceTree = "<group>"; };
		7D4BEE0821CCD5AC00BBE40B /* Info.plist */ = {isa = PBXFileReference; fileEncoding = 4; lastKnownFileType = text.plist.xml; path = Info.plist; sourceTree = "<group>"; };
		7D4BEE0921CCD5AC00BBE40B /* MJFoundation.m */ = {isa = PBXFileReference; fileEncoding = 4; lastKnownFileType = sourcecode.c.objc; path = MJFoundation.m; sourceTree = "<group>"; };
		7D4BEE0C21CCD5AC00BBE40B /* UIViewController+RTRootNavigationController.m */ = {isa = PBXFileReference; fileEncoding = 4; lastKnownFileType = sourcecode.c.objc; path = "UIViewController+RTRootNavigationController.m"; sourceTree = "<group>"; };
		7D4BEE0D21CCD5AC00BBE40B /* RTRootNavigationController.h */ = {isa = PBXFileReference; fileEncoding = 4; lastKnownFileType = sourcecode.c.h; path = RTRootNavigationController.h; sourceTree = "<group>"; };
		7D4BEE0E21CCD5AC00BBE40B /* .gitkeep */ = {isa = PBXFileReference; fileEncoding = 4; lastKnownFileType = text; path = .gitkeep; sourceTree = "<group>"; };
		7D4BEE0F21CCD5AC00BBE40B /* UIViewController+RTRootNavigationController.h */ = {isa = PBXFileReference; fileEncoding = 4; lastKnownFileType = sourcecode.c.h; path = "UIViewController+RTRootNavigationController.h"; sourceTree = "<group>"; };
		7D4BEE1021CCD5AC00BBE40B /* RTRootNavigationController.m */ = {isa = PBXFileReference; fileEncoding = 4; lastKnownFileType = sourcecode.c.objc; path = RTRootNavigationController.m; sourceTree = "<group>"; };
		7D4BEE1221CCD5AC00BBE40B /* .gitkeep */ = {isa = PBXFileReference; fileEncoding = 4; lastKnownFileType = text; path = .gitkeep; sourceTree = "<group>"; };
		7D61226621CCDC980087CD15 /* Demo.pch */ = {isa = PBXFileReference; lastKnownFileType = sourcecode.c.h; path = Demo.pch; sourceTree = "<group>"; };
		7D61226A21CCDF110087CD15 /* UIView+Frame.m */ = {isa = PBXFileReference; lastKnownFileType = sourcecode.c.objc; path = "UIView+Frame.m"; sourceTree = "<group>"; };
		7D61226B21CCDF110087CD15 /* UIView+Frame.h */ = {isa = PBXFileReference; lastKnownFileType = sourcecode.c.h; path = "UIView+Frame.h"; sourceTree = "<group>"; };
		7D61226C21CCE66B0087CD15 /* HomeAddTypeController.h */ = {isa = PBXFileReference; lastKnownFileType = sourcecode.c.h; path = HomeAddTypeController.h; sourceTree = "<group>"; };
		7D61226D21CCE66B0087CD15 /* HomeAddTypeController.m */ = {isa = PBXFileReference; lastKnownFileType = sourcecode.c.objc; path = HomeAddTypeController.m; sourceTree = "<group>"; };
		7D61227121CCECD20087CD15 /* HomeDetailController.h */ = {isa = PBXFileReference; lastKnownFileType = sourcecode.c.h; path = HomeDetailController.h; sourceTree = "<group>"; };
		7D61227221CCECD20087CD15 /* HomeDetailController.m */ = {isa = PBXFileReference; lastKnownFileType = sourcecode.c.objc; path = HomeDetailController.m; sourceTree = "<group>"; };
		7D61227321CCECD20087CD15 /* HomeDetailController.xib */ = {isa = PBXFileReference; lastKnownFileType = file.xib; path = HomeDetailController.xib; sourceTree = "<group>"; };
		7D650AFD21CF4DAC0006D7FF /* HomeMatchingController.h */ = {isa = PBXFileReference; lastKnownFileType = sourcecode.c.h; path = HomeMatchingController.h; sourceTree = "<group>"; };
		7D650AFE21CF4DAC0006D7FF /* HomeMatchingController.m */ = {isa = PBXFileReference; lastKnownFileType = sourcecode.c.objc; path = HomeMatchingController.m; sourceTree = "<group>"; };
		7D650B0021CF59F50006D7FF /* HomeMatchingCell.h */ = {isa = PBXFileReference; lastKnownFileType = sourcecode.c.h; path = HomeMatchingCell.h; sourceTree = "<group>"; };
		7D650B0121CF59F50006D7FF /* HomeMatchingCell.m */ = {isa = PBXFileReference; lastKnownFileType = sourcecode.c.objc; path = HomeMatchingCell.m; sourceTree = "<group>"; };
		7D650B0321CF5B380006D7FF /* HomeMatchingCell.xib */ = {isa = PBXFileReference; lastKnownFileType = file.xib; path = HomeMatchingCell.xib; sourceTree = "<group>"; };
		7D650B0521CF5E2C0006D7FF /* HomeChooseBrandController.h */ = {isa = PBXFileReference; lastKnownFileType = sourcecode.c.h; path = HomeChooseBrandController.h; sourceTree = "<group>"; };
		7D650B0621CF5E2C0006D7FF /* HomeChooseBrandController.m */ = {isa = PBXFileReference; lastKnownFileType = sourcecode.c.objc; path = HomeChooseBrandController.m; sourceTree = "<group>"; };
		7D650B0821CF62AB0006D7FF /* HomeTVDetailController.h */ = {isa = PBXFileReference; lastKnownFileType = sourcecode.c.h; path = HomeTVDetailController.h; sourceTree = "<group>"; };
		7D650B0921CF62AB0006D7FF /* HomeTVDetailController.m */ = {isa = PBXFileReference; lastKnownFileType = sourcecode.c.objc; path = HomeTVDetailController.m; sourceTree = "<group>"; };
		7D650B0B21CF64720006D7FF /* HomeTVCell.h */ = {isa = PBXFileReference; lastKnownFileType = sourcecode.c.h; path = HomeTVCell.h; sourceTree = "<group>"; };
		7D650B0C21CF64720006D7FF /* HomeTVCell.m */ = {isa = PBXFileReference; lastKnownFileType = sourcecode.c.objc; path = HomeTVCell.m; sourceTree = "<group>"; };
		7D650B0E21CF65FB0006D7FF /* HomeTVDetailFooterView.h */ = {isa = PBXFileReference; lastKnownFileType = sourcecode.c.h; path = HomeTVDetailFooterView.h; sourceTree = "<group>"; };
		7D650B0F21CF65FB0006D7FF /* HomeTVDetailFooterView.m */ = {isa = PBXFileReference; lastKnownFileType = sourcecode.c.objc; path = HomeTVDetailFooterView.m; sourceTree = "<group>"; };
		7D650B1121CF66110006D7FF /* HomeTVDetailFooterView.xib */ = {isa = PBXFileReference; lastKnownFileType = file.xib; path = HomeTVDetailFooterView.xib; sourceTree = "<group>"; };
		7D650B1321CF6A140006D7FF /* HomeAirConditioningController.h */ = {isa = PBXFileReference; lastKnownFileType = sourcecode.c.h; path = HomeAirConditioningController.h; sourceTree = "<group>"; };
		7D650B1421CF6A140006D7FF /* HomeAirConditioningController.m */ = {isa = PBXFileReference; lastKnownFileType = sourcecode.c.objc; path = HomeAirConditioningController.m; sourceTree = "<group>"; };
		7D6BB6B521D227AE00FE16D4 /* UIProgressView+AFNetworking.m */ = {isa = PBXFileReference; fileEncoding = 4; lastKnownFileType = sourcecode.c.objc; path = "UIProgressView+AFNetworking.m"; sourceTree = "<group>"; };
		7D6BB6B621D227AE00FE16D4 /* UIButton+AFNetworking.h */ = {isa = PBXFileReference; fileEncoding = 4; lastKnownFileType = sourcecode.c.h; path = "UIButton+AFNetworking.h"; sourceTree = "<group>"; };
		7D6BB6B721D227AE00FE16D4 /* UIRefreshControl+AFNetworking.m */ = {isa = PBXFileReference; fileEncoding = 4; lastKnownFileType = sourcecode.c.objc; path = "UIRefreshControl+AFNetworking.m"; sourceTree = "<group>"; };
		7D6BB6B821D227AE00FE16D4 /* UIImageView+AFNetworking.h */ = {isa = PBXFileReference; fileEncoding = 4; lastKnownFileType = sourcecode.c.h; path = "UIImageView+AFNetworking.h"; sourceTree = "<group>"; };
		7D6BB6B921D227AE00FE16D4 /* AFImageDownloader.h */ = {isa = PBXFileReference; fileEncoding = 4; lastKnownFileType = sourcecode.c.h; path = AFImageDownloader.h; sourceTree = "<group>"; };
		7D6BB6BA21D227AE00FE16D4 /* AFNetworkActivityIndicatorManager.m */ = {isa = PBXFileReference; fileEncoding = 4; lastKnownFileType = sourcecode.c.objc; path = AFNetworkActivityIndicatorManager.m; sourceTree = "<group>"; };
		7D6BB6BB21D227AE00FE16D4 /* AFAutoPurgingImageCache.h */ = {isa = PBXFileReference; fileEncoding = 4; lastKnownFileType = sourcecode.c.h; path = AFAutoPurgingImageCache.h; sourceTree = "<group>"; };
		7D6BB6BC21D227AE00FE16D4 /* UIWebView+AFNetworking.h */ = {isa = PBXFileReference; fileEncoding = 4; lastKnownFileType = sourcecode.c.h; path = "UIWebView+AFNetworking.h"; sourceTree = "<group>"; };
		7D6BB6BD21D227AE00FE16D4 /* UIActivityIndicatorView+AFNetworking.h */ = {isa = PBXFileReference; fileEncoding = 4; lastKnownFileType = sourcecode.c.h; path = "UIActivityIndicatorView+AFNetworking.h"; sourceTree = "<group>"; };
		7D6BB6BE21D227AE00FE16D4 /* UIImage+AFNetworking.h */ = {isa = PBXFileReference; fileEncoding = 4; lastKnownFileType = sourcecode.c.h; path = "UIImage+AFNetworking.h"; sourceTree = "<group>"; };
		7D6BB6BF21D227AE00FE16D4 /* UIProgressView+AFNetworking.h */ = {isa = PBXFileReference; fileEncoding = 4; lastKnownFileType = sourcecode.c.h; path = "UIProgressView+AFNetworking.h"; sourceTree = "<group>"; };
		7D6BB6C021D227AE00FE16D4 /* UIImageView+AFNetworking.m */ = {isa = PBXFileReference; fileEncoding = 4; lastKnownFileType = sourcecode.c.objc; path = "UIImageView+AFNetworking.m"; sourceTree = "<group>"; };
		7D6BB6C121D227AE00FE16D4 /* UIKit+AFNetworking.h */ = {isa = PBXFileReference; fileEncoding = 4; lastKnownFileType = sourcecode.c.h; path = "UIKit+AFNetworking.h"; sourceTree = "<group>"; };
		7D6BB6C221D227AE00FE16D4 /* UIRefreshControl+AFNetworking.h */ = {isa = PBXFileReference; fileEncoding = 4; lastKnownFileType = sourcecode.c.h; path = "UIRefreshControl+AFNetworking.h"; sourceTree = "<group>"; };
		7D6BB6C321D227AE00FE16D4 /* UIButton+AFNetworking.m */ = {isa = PBXFileReference; fileEncoding = 4; lastKnownFileType = sourcecode.c.objc; path = "UIButton+AFNetworking.m"; sourceTree = "<group>"; };
		7D6BB6C421D227AE00FE16D4 /* UIActivityIndicatorView+AFNetworking.m */ = {isa = PBXFileReference; fileEncoding = 4; lastKnownFileType = sourcecode.c.objc; path = "UIActivityIndicatorView+AFNetworking.m"; sourceTree = "<group>"; };
		7D6BB6C521D227AE00FE16D4 /* UIWebView+AFNetworking.m */ = {isa = PBXFileReference; fileEncoding = 4; lastKnownFileType = sourcecode.c.objc; path = "UIWebView+AFNetworking.m"; sourceTree = "<group>"; };
		7D6BB6C621D227AE00FE16D4 /* AFAutoPurgingImageCache.m */ = {isa = PBXFileReference; fileEncoding = 4; lastKnownFileType = sourcecode.c.objc; path = AFAutoPurgingImageCache.m; sourceTree = "<group>"; };
		7D6BB6C721D227AE00FE16D4 /* AFNetworkActivityIndicatorManager.h */ = {isa = PBXFileReference; fileEncoding = 4; lastKnownFileType = sourcecode.c.h; path = AFNetworkActivityIndicatorManager.h; sourceTree = "<group>"; };
		7D6BB6C821D227AE00FE16D4 /* AFImageDownloader.m */ = {isa = PBXFileReference; fileEncoding = 4; lastKnownFileType = sourcecode.c.objc; path = AFImageDownloader.m; sourceTree = "<group>"; };
		7D6BB6CA21D227AE00FE16D4 /* AFSecurityPolicy.h */ = {isa = PBXFileReference; fileEncoding = 4; lastKnownFileType = sourcecode.c.h; path = AFSecurityPolicy.h; sourceTree = "<group>"; };
		7D6BB6CB21D227AE00FE16D4 /* AFNetworkReachabilityManager.h */ = {isa = PBXFileReference; fileEncoding = 4; lastKnownFileType = sourcecode.c.h; path = AFNetworkReachabilityManager.h; sourceTree = "<group>"; };
		7D6BB6CC21D227AE00FE16D4 /* AFURLSessionManager.h */ = {isa = PBXFileReference; fileEncoding = 4; lastKnownFileType = sourcecode.c.h; path = AFURLSessionManager.h; sourceTree = "<group>"; };
		7D6BB6CD21D227AE00FE16D4 /* AFURLRequestSerialization.h */ = {isa = PBXFileReference; fileEncoding = 4; lastKnownFileType = sourcecode.c.h; path = AFURLRequestSerialization.h; sourceTree = "<group>"; };
		7D6BB6CE21D227AE00FE16D4 /* AFURLResponseSerialization.m */ = {isa = PBXFileReference; fileEncoding = 4; lastKnownFileType = sourcecode.c.objc; path = AFURLResponseSerialization.m; sourceTree = "<group>"; };
		7D6BB6CF21D227AE00FE16D4 /* AFHTTPSessionManager.m */ = {isa = PBXFileReference; fileEncoding = 4; lastKnownFileType = sourcecode.c.objc; path = AFHTTPSessionManager.m; sourceTree = "<group>"; };
		7D6BB6D021D227AE00FE16D4 /* AFURLResponseSerialization.h */ = {isa = PBXFileReference; fileEncoding = 4; lastKnownFileType = sourcecode.c.h; path = AFURLResponseSerialization.h; sourceTree = "<group>"; };
		7D6BB6D121D227AE00FE16D4 /* AFURLSessionManager.m */ = {isa = PBXFileReference; fileEncoding = 4; lastKnownFileType = sourcecode.c.objc; path = AFURLSessionManager.m; sourceTree = "<group>"; };
		7D6BB6D221D227AE00FE16D4 /* AFURLRequestSerialization.m */ = {isa = PBXFileReference; fileEncoding = 4; lastKnownFileType = sourcecode.c.objc; path = AFURLRequestSerialization.m; sourceTree = "<group>"; };
		7D6BB6D321D227AE00FE16D4 /* AFNetworking.h */ = {isa = PBXFileReference; fileEncoding = 4; lastKnownFileType = sourcecode.c.h; path = AFNetworking.h; sourceTree = "<group>"; };
		7D6BB6D421D227AE00FE16D4 /* AFNetworkReachabilityManager.m */ = {isa = PBXFileReference; fileEncoding = 4; lastKnownFileType = sourcecode.c.objc; path = AFNetworkReachabilityManager.m; sourceTree = "<group>"; };
		7D6BB6D521D227AE00FE16D4 /* AFSecurityPolicy.m */ = {isa = PBXFileReference; fileEncoding = 4; lastKnownFileType = sourcecode.c.objc; path = AFSecurityPolicy.m; sourceTree = "<group>"; };
		7D6BB6D621D227AE00FE16D4 /* AFCompatibilityMacros.h */ = {isa = PBXFileReference; fileEncoding = 4; lastKnownFileType = sourcecode.c.h; path = AFCompatibilityMacros.h; sourceTree = "<group>"; };
		7D6BB6D721D227AE00FE16D4 /* AFHTTPSessionManager.h */ = {isa = PBXFileReference; fileEncoding = 4; lastKnownFileType = sourcecode.c.h; path = AFHTTPSessionManager.h; sourceTree = "<group>"; };
		7D6BB6D921D227AE00FE16D4 /* SVRadialGradientLayer.m */ = {isa = PBXFileReference; fileEncoding = 4; lastKnownFileType = sourcecode.c.objc; path = SVRadialGradientLayer.m; sourceTree = "<group>"; };
		7D6BB6DA21D227AE00FE16D4 /* SVIndefiniteAnimatedView.h */ = {isa = PBXFileReference; fileEncoding = 4; lastKnownFileType = sourcecode.c.h; path = SVIndefiniteAnimatedView.h; sourceTree = "<group>"; };
		7D6BB6DB21D227AE00FE16D4 /* SVProgressHUD.h */ = {isa = PBXFileReference; fileEncoding = 4; lastKnownFileType = sourcecode.c.h; path = SVProgressHUD.h; sourceTree = "<group>"; };
		7D6BB6DC21D227AE00FE16D4 /* SVProgressAnimatedView.m */ = {isa = PBXFileReference; fileEncoding = 4; lastKnownFileType = sourcecode.c.objc; path = SVProgressAnimatedView.m; sourceTree = "<group>"; };
		7D6BB6DD21D227AE00FE16D4 /* SVProgressHUD-Prefix.pch */ = {isa = PBXFileReference; fileEncoding = 4; lastKnownFileType = sourcecode.c.h; path = "SVProgressHUD-Prefix.pch"; sourceTree = "<group>"; };
		7D6BB6DE21D227AE00FE16D4 /* SVRadialGradientLayer.h */ = {isa = PBXFileReference; fileEncoding = 4; lastKnownFileType = sourcecode.c.h; path = SVRadialGradientLayer.h; sourceTree = "<group>"; };
		7D6BB6DF21D227AE00FE16D4 /* SVProgressHUD.m */ = {isa = PBXFileReference; fileEncoding = 4; lastKnownFileType = sourcecode.c.objc; path = SVProgressHUD.m; sourceTree = "<group>"; };
		7D6BB6E021D227AE00FE16D4 /* SVIndefiniteAnimatedView.m */ = {isa = PBXFileReference; fileEncoding = 4; lastKnownFileType = sourcecode.c.objc; path = SVIndefiniteAnimatedView.m; sourceTree = "<group>"; };
		7D6BB6E121D227AE00FE16D4 /* SVProgressHUD.bundle */ = {isa = PBXFileReference; lastKnownFileType = "wrapper.plug-in"; path = SVProgressHUD.bundle; sourceTree = "<group>"; };
		7D6BB6E221D227AE00FE16D4 /* SVProgressAnimatedView.h */ = {isa = PBXFileReference; fileEncoding = 4; lastKnownFileType = sourcecode.c.h; path = SVProgressAnimatedView.h; sourceTree = "<group>"; };
		7D6BB6F721D227B800FE16D4 /* Networking.m */ = {isa = PBXFileReference; fileEncoding = 4; lastKnownFileType = sourcecode.c.objc; path = Networking.m; sourceTree = "<group>"; };
		7D6BB6F821D227B800FE16D4 /* Networking.h */ = {isa = PBXFileReference; fileEncoding = 4; lastKnownFileType = sourcecode.c.h; path = Networking.h; sourceTree = "<group>"; };
		7D6BB6FB21D234C900FE16D4 /* HomeBrandModel.h */ = {isa = PBXFileReference; lastKnownFileType = sourcecode.c.h; path = HomeBrandModel.h; sourceTree = "<group>"; };
		7D6BB6FC21D234C900FE16D4 /* HomeBrandModel.m */ = {isa = PBXFileReference; lastKnownFileType = sourcecode.c.objc; path = HomeBrandModel.m; sourceTree = "<group>"; };
		7D6BB70121D315E600FE16D4 /* HomeAirConditioningHeadView.h */ = {isa = PBXFileReference; lastKnownFileType = sourcecode.c.h; path = HomeAirConditioningHeadView.h; sourceTree = "<group>"; };
		7D6BB70221D315E600FE16D4 /* HomeAirConditioningHeadView.m */ = {isa = PBXFileReference; lastKnownFileType = sourcecode.c.objc; path = HomeAirConditioningHeadView.m; sourceTree = "<group>"; };
		7D6BB70421D315F500FE16D4 /* HomeAirConditioningHeadView.xib */ = {isa = PBXFileReference; lastKnownFileType = file.xib; path = HomeAirConditioningHeadView.xib; sourceTree = "<group>"; };
		7D6BB70621D31C1800FE16D4 /* HomeAirCondiontingValueModel.h */ = {isa = PBXFileReference; lastKnownFileType = sourcecode.c.h; path = HomeAirCondiontingValueModel.h; sourceTree = "<group>"; };
		7D6BB70721D31C1800FE16D4 /* HomeAirCondiontingValueModel.m */ = {isa = PBXFileReference; lastKnownFileType = sourcecode.c.objc; path = HomeAirCondiontingValueModel.m; sourceTree = "<group>"; };
		7D6BB70921D31E6A00FE16D4 /* HomeKeyModel.h */ = {isa = PBXFileReference; lastKnownFileType = sourcecode.c.h; path = HomeKeyModel.h; sourceTree = "<group>"; };
		7D6BB70A21D31E6A00FE16D4 /* HomeKeyModel.m */ = {isa = PBXFileReference; lastKnownFileType = sourcecode.c.objc; path = HomeKeyModel.m; sourceTree = "<group>"; };
		7D6BB70F21D320F900FE16D4 /* MBProgressHUD.m */ = {isa = PBXFileReference; fileEncoding = 4; lastKnownFileType = sourcecode.c.objc; path = MBProgressHUD.m; sourceTree = "<group>"; };
		7D6BB71021D320F900FE16D4 /* MBProgressHUD.h */ = {isa = PBXFileReference; fileEncoding = 4; lastKnownFileType = sourcecode.c.h; path = MBProgressHUD.h; sourceTree = "<group>"; };
		7DA6EFCE21CCBAD0004D5FC8 /* Demo.app */ = {isa = PBXFileReference; explicitFileType = wrapper.application; includeInIndex = 0; path = Demo.app; sourceTree = BUILT_PRODUCTS_DIR; };
		7DA6EFD121CCBAD0004D5FC8 /* AppDelegate.h */ = {isa = PBXFileReference; lastKnownFileType = sourcecode.c.h; path = AppDelegate.h; sourceTree = "<group>"; };
		7DA6EFD221CCBAD0004D5FC8 /* AppDelegate.m */ = {isa = PBXFileReference; lastKnownFileType = sourcecode.c.objc; path = AppDelegate.m; sourceTree = "<group>"; };
		7DA6EFD821CCBAD0004D5FC8 /* Base */ = {isa = PBXFileReference; lastKnownFileType = file.storyboard; name = Base; path = Base.lproj/Main.storyboard; sourceTree = "<group>"; };
		7DA6EFDA21CCBAD1004D5FC8 /* Assets.xcassets */ = {isa = PBXFileReference; lastKnownFileType = folder.assetcatalog; path = Assets.xcassets; sourceTree = "<group>"; };
		7DA6EFDD21CCBAD1004D5FC8 /* Base */ = {isa = PBXFileReference; lastKnownFileType = file.storyboard; name = Base; path = Base.lproj/LaunchScreen.storyboard; sourceTree = "<group>"; };
		7DA6EFDF21CCBAD1004D5FC8 /* Info.plist */ = {isa = PBXFileReference; lastKnownFileType = text.plist.xml; path = Info.plist; sourceTree = "<group>"; };
		7DA6EFE021CCBAD1004D5FC8 /* main.m */ = {isa = PBXFileReference; lastKnownFileType = sourcecode.c.objc; path = main.m; sourceTree = "<group>"; };
		7DA6EFEC21CCBDFB004D5FC8 /* BaseController.h */ = {isa = PBXFileReference; lastKnownFileType = sourcecode.c.h; path = BaseController.h; sourceTree = "<group>"; };
		7DA6EFED21CCBDFB004D5FC8 /* BaseController.m */ = {isa = PBXFileReference; lastKnownFileType = sourcecode.c.objc; path = BaseController.m; sourceTree = "<group>"; };
		7DA6EFF021CCBEE8004D5FC8 /* TabBarMainController.h */ = {isa = PBXFileReference; lastKnownFileType = sourcecode.c.h; path = TabBarMainController.h; sourceTree = "<group>"; };
		7DA6EFF121CCBEE8004D5FC8 /* TabBarMainController.m */ = {isa = PBXFileReference; lastKnownFileType = sourcecode.c.objc; path = TabBarMainController.m; sourceTree = "<group>"; };
		7DA6EFF321CCBF04004D5FC8 /* NavigationController.h */ = {isa = PBXFileReference; lastKnownFileType = sourcecode.c.h; path = NavigationController.h; sourceTree = "<group>"; };
		7DA6EFF421CCBF04004D5FC8 /* NavigationController.m */ = {isa = PBXFileReference; lastKnownFileType = sourcecode.c.objc; path = NavigationController.m; sourceTree = "<group>"; };
		7DA6EFF621CCBF1E004D5FC8 /* HomeController.h */ = {isa = PBXFileReference; lastKnownFileType = sourcecode.c.h; path = HomeController.h; sourceTree = "<group>"; };
		7DA6EFF721CCBF1E004D5FC8 /* HomeController.m */ = {isa = PBXFileReference; lastKnownFileType = sourcecode.c.objc; path = HomeController.m; sourceTree = "<group>"; };
		7DA6EFF921CCBF2C004D5FC8 /* SettingController.h */ = {isa = PBXFileReference; lastKnownFileType = sourcecode.c.h; path = SettingController.h; sourceTree = "<group>"; };
		7DA6EFFA21CCBF2C004D5FC8 /* SettingController.m */ = {isa = PBXFileReference; lastKnownFileType = sourcecode.c.objc; path = SettingController.m; sourceTree = "<group>"; };
		7DA6EFFC21CCBF39004D5FC8 /* ScenceController.h */ = {isa = PBXFileReference; lastKnownFileType = sourcecode.c.h; path = ScenceController.h; sourceTree = "<group>"; };
		7DA6EFFD21CCBF39004D5FC8 /* ScenceController.m */ = {isa = PBXFileReference; lastKnownFileType = sourcecode.c.objc; path = ScenceController.m; sourceTree = "<group>"; };
		7DA6EFFF21CCC98E004D5FC8 /* HomeCollectionViewCell.h */ = {isa = PBXFileReference; lastKnownFileType = sourcecode.c.h; path = HomeCollectionViewCell.h; sourceTree = "<group>"; };
		7DA6F00021CCC98E004D5FC8 /* HomeCollectionViewCell.m */ = {isa = PBXFileReference; lastKnownFileType = sourcecode.c.objc; path = HomeCollectionViewCell.m; sourceTree = "<group>"; };
		7DA6F00421CCCD22004D5FC8 /* HomeModel.h */ = {isa = PBXFileReference; lastKnownFileType = sourcecode.c.h; path = HomeModel.h; sourceTree = "<group>"; };
		7DA6F00521CCCD22004D5FC8 /* HomeModel.m */ = {isa = PBXFileReference; lastKnownFileType = sourcecode.c.objc; path = HomeModel.m; sourceTree = "<group>"; };
		7DA6F00721CCD2EA004D5FC8 /* HomeCategoryController.h */ = {isa = PBXFileReference; lastKnownFileType = sourcecode.c.h; path = HomeCategoryController.h; sourceTree = "<group>"; };
		7DA6F00821CCD2EA004D5FC8 /* HomeCategoryController.m */ = {isa = PBXFileReference; lastKnownFileType = sourcecode.c.objc; path = HomeCategoryController.m; sourceTree = "<group>"; };
/* End PBXFileReference section */

/* Begin PBXFrameworksBuildPhase section */
		7DA6EFCB21CCBAD0004D5FC8 /* Frameworks */ = {
			isa = PBXFrameworksBuildPhase;
			buildActionMask = 2147483647;
			files = (
			);
			runOnlyForDeploymentPostprocessing = 0;
		};
/* End PBXFrameworksBuildPhase section */

/* Begin PBXGroup section */
		7D4BEDF221CCD5AC00BBE40B /* ThirdLib */ = {
			isa = PBXGroup;
			children = (
				7D6BB70E21D320F900FE16D4 /* MBProgressHUD */,
				7D6BB6B321D227AE00FE16D4 /* AFNetworking */,
				7D6BB6D821D227AE00FE16D4 /* SVProgressHUD */,
				7D4BEDF321CCD5AC00BBE40B /* MJExtension */,
				7D4BEE0A21CCD5AC00BBE40B /* RTRootNavigationController */,
			);
			path = ThirdLib;
			sourceTree = "<group>";
		};
		7D4BEDF321CCD5AC00BBE40B /* MJExtension */ = {
			isa = PBXGroup;
			children = (
				7D4BEDF421CCD5AC00BBE40B /* MJPropertyKey.h */,
				7D4BEDF521CCD5AC00BBE40B /* NSObject+MJClass.h */,
				7D4BEDF621CCD5AC00BBE40B /* NSString+MJExtension.h */,
				7D4BEDF721CCD5AC00BBE40B /* MJPropertyType.m */,
				7D4BEDF821CCD5AC00BBE40B /* NSObject+MJProperty.h */,
				7D4BEDF921CCD5AC00BBE40B /* MJExtensionConst.h */,
				7D4BEDFA21CCD5AC00BBE40B /* NSObject+MJKeyValue.m */,
				7D4BEDFB21CCD5AC00BBE40B /* MJProperty.m */,
				7D4BEDFC21CCD5AC00BBE40B /* MJFoundation.h */,
				7D4BEDFD21CCD5AC00BBE40B /* NSObject+MJCoding.m */,
				7D4BEDFE21CCD5AC00BBE40B /* MJExtension.h */,
				7D4BEDFF21CCD5AC00BBE40B /* MJExtensionConst.m */,
				7D4BEE0021CCD5AC00BBE40B /* NSObject+MJProperty.m */,
				7D4BEE0121CCD5AC00BBE40B /* MJPropertyType.h */,
				7D4BEE0221CCD5AC00BBE40B /* NSObject+MJClass.m */,
				7D4BEE0321CCD5AC00BBE40B /* NSString+MJExtension.m */,
				7D4BEE0421CCD5AC00BBE40B /* MJPropertyKey.m */,
				7D4BEE0521CCD5AC00BBE40B /* MJProperty.h */,
				7D4BEE0621CCD5AC00BBE40B /* NSObject+MJKeyValue.h */,
				7D4BEE0721CCD5AC00BBE40B /* NSObject+MJCoding.h */,
				7D4BEE0821CCD5AC00BBE40B /* Info.plist */,
				7D4BEE0921CCD5AC00BBE40B /* MJFoundation.m */,
			);
			path = MJExtension;
			sourceTree = "<group>";
		};
		7D4BEE0A21CCD5AC00BBE40B /* RTRootNavigationController */ = {
			isa = PBXGroup;
			children = (
				7D4BEE0B21CCD5AC00BBE40B /* Classes */,
				7D4BEE1121CCD5AC00BBE40B /* Assets */,
			);
			path = RTRootNavigationController;
			sourceTree = "<group>";
		};
		7D4BEE0B21CCD5AC00BBE40B /* Classes */ = {
			isa = PBXGroup;
			children = (
				7D4BEE0C21CCD5AC00BBE40B /* UIViewController+RTRootNavigationController.m */,
				7D4BEE0D21CCD5AC00BBE40B /* RTRootNavigationController.h */,
				7D4BEE0E21CCD5AC00BBE40B /* .gitkeep */,
				7D4BEE0F21CCD5AC00BBE40B /* UIViewController+RTRootNavigationController.h */,
				7D4BEE1021CCD5AC00BBE40B /* RTRootNavigationController.m */,
			);
			path = Classes;
			sourceTree = "<group>";
		};
		7D4BEE1121CCD5AC00BBE40B /* Assets */ = {
			isa = PBXGroup;
			children = (
				7D4BEE1221CCD5AC00BBE40B /* .gitkeep */,
			);
			path = Assets;
			sourceTree = "<group>";
		};
		7D6BB6B321D227AE00FE16D4 /* AFNetworking */ = {
			isa = PBXGroup;
			children = (
				7D6BB6B421D227AE00FE16D4 /* UIKit+AFNetworking */,
				7D6BB6C921D227AE00FE16D4 /* AFNetworking */,
			);
			path = AFNetworking;
			sourceTree = "<group>";
		};
		7D6BB6B421D227AE00FE16D4 /* UIKit+AFNetworking */ = {
			isa = PBXGroup;
			children = (
				7D6BB6B521D227AE00FE16D4 /* UIProgressView+AFNetworking.m */,
				7D6BB6B621D227AE00FE16D4 /* UIButton+AFNetworking.h */,
				7D6BB6B721D227AE00FE16D4 /* UIRefreshControl+AFNetworking.m */,
				7D6BB6B821D227AE00FE16D4 /* UIImageView+AFNetworking.h */,
				7D6BB6B921D227AE00FE16D4 /* AFImageDownloader.h */,
				7D6BB6BA21D227AE00FE16D4 /* AFNetworkActivityIndicatorManager.m */,
				7D6BB6BB21D227AE00FE16D4 /* AFAutoPurgingImageCache.h */,
				7D6BB6BC21D227AE00FE16D4 /* UIWebView+AFNetworking.h */,
				7D6BB6BD21D227AE00FE16D4 /* UIActivityIndicatorView+AFNetworking.h */,
				7D6BB6BE21D227AE00FE16D4 /* UIImage+AFNetworking.h */,
				7D6BB6BF21D227AE00FE16D4 /* UIProgressView+AFNetworking.h */,
				7D6BB6C021D227AE00FE16D4 /* UIImageView+AFNetworking.m */,
				7D6BB6C121D227AE00FE16D4 /* UIKit+AFNetworking.h */,
				7D6BB6C221D227AE00FE16D4 /* UIRefreshControl+AFNetworking.h */,
				7D6BB6C321D227AE00FE16D4 /* UIButton+AFNetworking.m */,
				7D6BB6C421D227AE00FE16D4 /* UIActivityIndicatorView+AFNetworking.m */,
				7D6BB6C521D227AE00FE16D4 /* UIWebView+AFNetworking.m */,
				7D6BB6C621D227AE00FE16D4 /* AFAutoPurgingImageCache.m */,
				7D6BB6C721D227AE00FE16D4 /* AFNetworkActivityIndicatorManager.h */,
				7D6BB6C821D227AE00FE16D4 /* AFImageDownloader.m */,
			);
			path = "UIKit+AFNetworking";
			sourceTree = "<group>";
		};
		7D6BB6C921D227AE00FE16D4 /* AFNetworking */ = {
			isa = PBXGroup;
			children = (
				7D6BB6CA21D227AE00FE16D4 /* AFSecurityPolicy.h */,
				7D6BB6CB21D227AE00FE16D4 /* AFNetworkReachabilityManager.h */,
				7D6BB6CC21D227AE00FE16D4 /* AFURLSessionManager.h */,
				7D6BB6CD21D227AE00FE16D4 /* AFURLRequestSerialization.h */,
				7D6BB6CE21D227AE00FE16D4 /* AFURLResponseSerialization.m */,
				7D6BB6CF21D227AE00FE16D4 /* AFHTTPSessionManager.m */,
				7D6BB6D021D227AE00FE16D4 /* AFURLResponseSerialization.h */,
				7D6BB6D121D227AE00FE16D4 /* AFURLSessionManager.m */,
				7D6BB6D221D227AE00FE16D4 /* AFURLRequestSerialization.m */,
				7D6BB6D321D227AE00FE16D4 /* AFNetworking.h */,
				7D6BB6D421D227AE00FE16D4 /* AFNetworkReachabilityManager.m */,
				7D6BB6D521D227AE00FE16D4 /* AFSecurityPolicy.m */,
				7D6BB6D621D227AE00FE16D4 /* AFCompatibilityMacros.h */,
				7D6BB6D721D227AE00FE16D4 /* AFHTTPSessionManager.h */,
			);
			path = AFNetworking;
			sourceTree = "<group>";
		};
		7D6BB6D821D227AE00FE16D4 /* SVProgressHUD */ = {
			isa = PBXGroup;
			children = (
				7D6BB6D921D227AE00FE16D4 /* SVRadialGradientLayer.m */,
				7D6BB6DA21D227AE00FE16D4 /* SVIndefiniteAnimatedView.h */,
				7D6BB6DB21D227AE00FE16D4 /* SVProgressHUD.h */,
				7D6BB6DC21D227AE00FE16D4 /* SVProgressAnimatedView.m */,
				7D6BB6DD21D227AE00FE16D4 /* SVProgressHUD-Prefix.pch */,
				7D6BB6DE21D227AE00FE16D4 /* SVRadialGradientLayer.h */,
				7D6BB6DF21D227AE00FE16D4 /* SVProgressHUD.m */,
				7D6BB6E021D227AE00FE16D4 /* SVIndefiniteAnimatedView.m */,
				7D6BB6E121D227AE00FE16D4 /* SVProgressHUD.bundle */,
				7D6BB6E221D227AE00FE16D4 /* SVProgressAnimatedView.h */,
			);
			path = SVProgressHUD;
			sourceTree = "<group>";
		};
		7D6BB70E21D320F900FE16D4 /* MBProgressHUD */ = {
			isa = PBXGroup;
			children = (
				7D6BB70F21D320F900FE16D4 /* MBProgressHUD.m */,
				7D6BB71021D320F900FE16D4 /* MBProgressHUD.h */,
			);
			path = MBProgressHUD;
			sourceTree = "<group>";
		};
		7DA6EFC521CCBAD0004D5FC8 = {
			isa = PBXGroup;
			children = (
				7DA6EFD021CCBAD0004D5FC8 /* Demo */,
				7DA6EFCF21CCBAD0004D5FC8 /* Products */,
			);
			sourceTree = "<group>";
		};
		7DA6EFCF21CCBAD0004D5FC8 /* Products */ = {
			isa = PBXGroup;
			children = (
				7DA6EFCE21CCBAD0004D5FC8 /* Demo.app */,
			);
			name = Products;
			sourceTree = "<group>";
		};
		7DA6EFD021CCBAD0004D5FC8 /* Demo */ = {
			isa = PBXGroup;
			children = (
				7DA6EFE721CCBDE3004D5FC8 /* Classes */,
				7DA6EFD121CCBAD0004D5FC8 /* AppDelegate.h */,
				7DA6EFD221CCBAD0004D5FC8 /* AppDelegate.m */,
				7D61226621CCDC980087CD15 /* Demo.pch */,
				7DA6EFD721CCBAD0004D5FC8 /* Main.storyboard */,
				7DA6EFDA21CCBAD1004D5FC8 /* Assets.xcassets */,
				7DA6EFDC21CCBAD1004D5FC8 /* LaunchScreen.storyboard */,
				7DA6EFDF21CCBAD1004D5FC8 /* Info.plist */,
				7DA6EFE021CCBAD1004D5FC8 /* main.m */,
			);
			path = Demo;
			sourceTree = "<group>";
		};
		7DA6EFE721CCBDE3004D5FC8 /* Classes */ = {
			isa = PBXGroup;
			children = (
				7D6BB6F821D227B800FE16D4 /* Networking.h */,
				7D6BB6F721D227B800FE16D4 /* Networking.m */,
				7D61226B21CCDF110087CD15 /* UIView+Frame.h */,
				7D61226A21CCDF110087CD15 /* UIView+Frame.m */,
				7D4BEDF221CCD5AC00BBE40B /* ThirdLib */,
				7DA6EFEF21CCBECA004D5FC8 /* Main */,
				7DA6EFE821CCBDE3004D5FC8 /* Home */,
				7DA6EFE921CCBDE3004D5FC8 /* Setting */,
				7DA6EFEA21CCBDE3004D5FC8 /* Scene */,
				7DA6EFEB21CCBDE3004D5FC8 /* Base */,
			);
			path = Classes;
			sourceTree = "<group>";
		};
		7DA6EFE821CCBDE3004D5FC8 /* Home */ = {
			isa = PBXGroup;
			children = (
				7DA6EFF621CCBF1E004D5FC8 /* HomeController.h */,
				7DA6EFF721CCBF1E004D5FC8 /* HomeController.m */,
				7DA6EFFF21CCC98E004D5FC8 /* HomeCollectionViewCell.h */,
				7DA6F00021CCC98E004D5FC8 /* HomeCollectionViewCell.m */,
				7DA6F00421CCCD22004D5FC8 /* HomeModel.h */,
				7DA6F00521CCCD22004D5FC8 /* HomeModel.m */,
				7DA6F00721CCD2EA004D5FC8 /* HomeCategoryController.h */,
				7DA6F00821CCD2EA004D5FC8 /* HomeCategoryController.m */,
				7D650B0521CF5E2C0006D7FF /* HomeChooseBrandController.h */,
				7D650B0621CF5E2C0006D7FF /* HomeChooseBrandController.m */,
				7D6BB6FB21D234C900FE16D4 /* HomeBrandModel.h */,
				7D6BB6FC21D234C900FE16D4 /* HomeBrandModel.m */,
				7D4BEDEF21CCD49C00BBE40B /* HomeChooseTypeController.h */,
				7D4BEDF021CCD49C00BBE40B /* HomeChooseTypeController.m */,
				7D61226C21CCE66B0087CD15 /* HomeAddTypeController.h */,
				7D61226D21CCE66B0087CD15 /* HomeAddTypeController.m */,
				7D61227121CCECD20087CD15 /* HomeDetailController.h */,
				7D61227221CCECD20087CD15 /* HomeDetailController.m */,
				7D61227321CCECD20087CD15 /* HomeDetailController.xib */,
				7D650AFD21CF4DAC0006D7FF /* HomeMatchingController.h */,
				7D650AFE21CF4DAC0006D7FF /* HomeMatchingController.m */,
				7D650B0021CF59F50006D7FF /* HomeMatchingCell.h */,
				7D650B0121CF59F50006D7FF /* HomeMatchingCell.m */,
				7D650B0321CF5B380006D7FF /* HomeMatchingCell.xib */,
				7D650B0821CF62AB0006D7FF /* HomeTVDetailController.h */,
				7D650B0921CF62AB0006D7FF /* HomeTVDetailController.m */,
				7D650B0B21CF64720006D7FF /* HomeTVCell.h */,
				7D650B0C21CF64720006D7FF /* HomeTVCell.m */,
				7D650B0E21CF65FB0006D7FF /* HomeTVDetailFooterView.h */,
				7D650B0F21CF65FB0006D7FF /* HomeTVDetailFooterView.m */,
				7D650B1121CF66110006D7FF /* HomeTVDetailFooterView.xib */,
				7D650B1321CF6A140006D7FF /* HomeAirConditioningController.h */,
				7D650B1421CF6A140006D7FF /* HomeAirConditioningController.m */,
				7D6BB70121D315E600FE16D4 /* HomeAirConditioningHeadView.h */,
				7D6BB70221D315E600FE16D4 /* HomeAirConditioningHeadView.m */,
				7D6BB70421D315F500FE16D4 /* HomeAirConditioningHeadView.xib */,
				7D6BB70621D31C1800FE16D4 /* HomeAirCondiontingValueModel.h */,
				7D6BB70721D31C1800FE16D4 /* HomeAirCondiontingValueModel.m */,
				7D6BB70921D31E6A00FE16D4 /* HomeKeyModel.h */,
				7D6BB70A21D31E6A00FE16D4 /* HomeKeyModel.m */,
			);
			path = Home;
			sourceTree = "<group>";
		};
		7DA6EFE921CCBDE3004D5FC8 /* Setting */ = {
			isa = PBXGroup;
			children = (
				7DA6EFF921CCBF2C004D5FC8 /* SettingController.h */,
				7DA6EFFA21CCBF2C004D5FC8 /* SettingController.m */,
			);
			path = Setting;
			sourceTree = "<group>";
		};
		7DA6EFEA21CCBDE3004D5FC8 /* Scene */ = {
			isa = PBXGroup;
			children = (
				7DA6EFFC21CCBF39004D5FC8 /* ScenceController.h */,
				7DA6EFFD21CCBF39004D5FC8 /* ScenceController.m */,
			);
			path = Scene;
			sourceTree = "<group>";
		};
		7DA6EFEB21CCBDE3004D5FC8 /* Base */ = {
			isa = PBXGroup;
			children = (
				7DA6EFEC21CCBDFB004D5FC8 /* BaseController.h */,
				7DA6EFED21CCBDFB004D5FC8 /* BaseController.m */,
			);
			path = Base;
			sourceTree = "<group>";
		};
		7DA6EFEF21CCBECA004D5FC8 /* Main */ = {
			isa = PBXGroup;
			children = (
				7DA6EFF021CCBEE8004D5FC8 /* TabBarMainController.h */,
				7DA6EFF121CCBEE8004D5FC8 /* TabBarMainController.m */,
				7DA6EFF321CCBF04004D5FC8 /* NavigationController.h */,
				7DA6EFF421CCBF04004D5FC8 /* NavigationController.m */,
			);
			path = Main;
			sourceTree = "<group>";
		};
/* End PBXGroup section */

/* Begin PBXNativeTarget section */
		7DA6EFCD21CCBAD0004D5FC8 /* Demo */ = {
			isa = PBXNativeTarget;
			buildConfigurationList = 7DA6EFE421CCBAD1004D5FC8 /* Build configuration list for PBXNativeTarget "Demo" */;
			buildPhases = (
				7DA6EFCA21CCBAD0004D5FC8 /* Sources */,
				7DA6EFCB21CCBAD0004D5FC8 /* Frameworks */,
				7DA6EFCC21CCBAD0004D5FC8 /* Resources */,
			);
			buildRules = (
			);
			dependencies = (
			);
			name = Demo;
			productName = Demo;
			productReference = 7DA6EFCE21CCBAD0004D5FC8 /* Demo.app */;
			productType = "com.apple.product-type.application";
		};
/* End PBXNativeTarget section */

/* Begin PBXProject section */
		7DA6EFC621CCBAD0004D5FC8 /* Project object */ = {
			isa = PBXProject;
			attributes = {
				LastUpgradeCheck = 1000;
				ORGANIZATIONNAME = LiJingYing;
				TargetAttributes = {
					7DA6EFCD21CCBAD0004D5FC8 = {
						CreatedOnToolsVersion = 10.0;
					};
				};
			};
			buildConfigurationList = 7DA6EFC921CCBAD0004D5FC8 /* Build configuration list for PBXProject "Demo" */;
			compatibilityVersion = "Xcode 9.3";
			developmentRegion = en;
			hasScannedForEncodings = 0;
			knownRegions = (
				en,
				Base,
			);
			mainGroup = 7DA6EFC521CCBAD0004D5FC8;
			productRefGroup = 7DA6EFCF21CCBAD0004D5FC8 /* Products */;
			projectDirPath = "";
			projectRoot = "";
			targets = (
				7DA6EFCD21CCBAD0004D5FC8 /* Demo */,
			);
		};
/* End PBXProject section */

/* Begin PBXResourcesBuildPhase section */
		7DA6EFCC21CCBAD0004D5FC8 /* Resources */ = {
			isa = PBXResourcesBuildPhase;
			buildActionMask = 2147483647;
			files = (
				7DA6EFDE21CCBAD1004D5FC8 /* LaunchScreen.storyboard in Resources */,
				7D61227521CCECD20087CD15 /* HomeDetailController.xib in Resources */,
				7D4BEE1F21CCD5AC00BBE40B /* .gitkeep in Resources */,
				7D650B1221CF66110006D7FF /* HomeTVDetailFooterView.xib in Resources */,
				7D6BB6F621D227AE00FE16D4 /* SVProgressHUD.bundle in Resources */,
				7D4BEE2121CCD5AC00BBE40B /* .gitkeep in Resources */,
				7D6BB70521D315F500FE16D4 /* HomeAirConditioningHeadView.xib in Resources */,
				7DA6EFDB21CCBAD1004D5FC8 /* Assets.xcassets in Resources */,
				7D650B0421CF5B380006D7FF /* HomeMatchingCell.xib in Resources */,
				7DA6EFD921CCBAD0004D5FC8 /* Main.storyboard in Resources */,
			);
			runOnlyForDeploymentPostprocessing = 0;
		};
/* End PBXResourcesBuildPhase section */

/* Begin PBXSourcesBuildPhase section */
		7DA6EFCA21CCBAD0004D5FC8 /* Sources */ = {
			isa = PBXSourcesBuildPhase;
			buildActionMask = 2147483647;
			files = (
				7D6BB6FA21D22E2C00FE16D4 /* UIView+Frame.m in Sources */,
				7D61227421CCECD20087CD15 /* HomeDetailController.m in Sources */,
				7D4BEE1621CCD5AC00BBE40B /* NSObject+MJCoding.m in Sources */,
				7D6BB6FD21D234C900FE16D4 /* HomeBrandModel.m in Sources */,
				7D6BB70B21D31E6A00FE16D4 /* HomeKeyModel.m in Sources */,
				7D4BEE1B21CCD5AC00BBE40B /* MJPropertyKey.m in Sources */,
				7D650B0221CF59F50006D7FF /* HomeMatchingCell.m in Sources */,
				7DA6EFFB21CCBF2C004D5FC8 /* SettingController.m in Sources */,
				7D6BB70321D315E600FE16D4 /* HomeAirConditioningHeadView.m in Sources */,
				7D4BEE2021CCD5AC00BBE40B /* RTRootNavigationController.m in Sources */,
				7D6BB6E821D227AE00FE16D4 /* UIActivityIndicatorView+AFNetworking.m in Sources */,
				7DA6EFF821CCBF1E004D5FC8 /* HomeController.m in Sources */,
				7D4BEE1521CCD5AC00BBE40B /* MJProperty.m in Sources */,
				7D6BB6F421D227AE00FE16D4 /* SVProgressHUD.m in Sources */,
				7D6BB6F221D227AE00FE16D4 /* SVRadialGradientLayer.m in Sources */,
				7D4BEE1E21CCD5AC00BBE40B /* UIViewController+RTRootNavigationController.m in Sources */,
				7D6BB6E621D227AE00FE16D4 /* UIImageView+AFNetworking.m in Sources */,
				7D650B0721CF5E2C0006D7FF /* HomeChooseBrandController.m in Sources */,
				7D6BB6ED21D227AE00FE16D4 /* AFHTTPSessionManager.m in Sources */,
				7D6BB6E721D227AE00FE16D4 /* UIButton+AFNetworking.m in Sources */,
				7DA6EFF221CCBEE8004D5FC8 /* TabBarMainController.m in Sources */,
				7D6BB6F921D227B800FE16D4 /* Networking.m in Sources */,
				7DA6EFE121CCBAD1004D5FC8 /* main.m in Sources */,
				7D650AFF21CF4DAC0006D7FF /* HomeMatchingController.m in Sources */,
				7D6BB6E421D227AE00FE16D4 /* UIRefreshControl+AFNetworking.m in Sources */,
				7D6BB6E921D227AE00FE16D4 /* UIWebView+AFNetworking.m in Sources */,
				7D6BB6E321D227AE00FE16D4 /* UIProgressView+AFNetworking.m in Sources */,
				7D6BB6F121D227AE00FE16D4 /* AFSecurityPolicy.m in Sources */,
				7D4BEE1321CCD5AC00BBE40B /* MJPropertyType.m in Sources */,
				7D6BB6F021D227AE00FE16D4 /* AFNetworkReachabilityManager.m in Sources */,
				7D4BEE1D21CCD5AC00BBE40B /* MJFoundation.m in Sources */,
				7D6BB6F321D227AE00FE16D4 /* SVProgressAnimatedView.m in Sources */,
				7D61226E21CCE66B0087CD15 /* HomeAddTypeController.m in Sources */,
				7D6BB6F521D227AE00FE16D4 /* SVIndefiniteAnimatedView.m in Sources */,
				7D6BB6EB21D227AE00FE16D4 /* AFImageDownloader.m in Sources */,
				7D650B0A21CF62AB0006D7FF /* HomeTVDetailController.m in Sources */,
				7D650B1621CF6A140006D7FF /* HomeAirConditioningController.m in Sources */,
				7D6BB6EC21D227AE00FE16D4 /* AFURLResponseSerialization.m in Sources */,
				7DA6EFF521CCBF04004D5FC8 /* NavigationController.m in Sources */,
				7DA6F00221CCC98F004D5FC8 /* HomeCollectionViewCell.m in Sources */,
				7D4BEE1721CCD5AC00BBE40B /* MJExtensionConst.m in Sources */,
				7D6BB6EF21D227AE00FE16D4 /* AFURLRequestSerialization.m in Sources */,
				7DA6EFFE21CCBF39004D5FC8 /* ScenceController.m in Sources */,
				7D6BB70821D31C1800FE16D4 /* HomeAirCondiontingValueModel.m in Sources */,
				7D650B0D21CF64720006D7FF /* HomeTVCell.m in Sources */,
				7D4BEDF121CCD49C00BBE40B /* HomeChooseTypeController.m in Sources */,
				7D4BEE1921CCD5AC00BBE40B /* NSObject+MJClass.m in Sources */,
				7D4BEE1821CCD5AC00BBE40B /* NSObject+MJProperty.m in Sources */,
				7D6BB6EA21D227AE00FE16D4 /* AFAutoPurgingImageCache.m in Sources */,
				7DA6F00621CCCD22004D5FC8 /* HomeModel.m in Sources */,
				7DA6EFEE21CCBDFB004D5FC8 /* BaseController.m in Sources */,
				7D4BEE1A21CCD5AC00BBE40B /* NSString+MJExtension.m in Sources */,
				7DA6F00921CCD2EA004D5FC8 /* HomeCategoryController.m in Sources */,
				7D6BB6E521D227AE00FE16D4 /* AFNetworkActivityIndicatorManager.m in Sources */,
				7D4BEE1421CCD5AC00BBE40B /* NSObject+MJKeyValue.m in Sources */,
				7D6BB71121D320F900FE16D4 /* MBProgressHUD.m in Sources */,
				7DA6EFD321CCBAD0004D5FC8 /* AppDelegate.m in Sources */,
				7D650B1021CF65FB0006D7FF /* HomeTVDetailFooterView.m in Sources */,
				7D6BB6EE21D227AE00FE16D4 /* AFURLSessionManager.m in Sources */,
			);
			runOnlyForDeploymentPostprocessing = 0;
		};
/* End PBXSourcesBuildPhase section */

/* Begin PBXVariantGroup section */
		7DA6EFD721CCBAD0004D5FC8 /* Main.storyboard */ = {
			isa = PBXVariantGroup;
			children = (
				7DA6EFD821CCBAD0004D5FC8 /* Base */,
			);
			name = Main.storyboard;
			sourceTree = "<group>";
		};
		7DA6EFDC21CCBAD1004D5FC8 /* LaunchScreen.storyboard */ = {
			isa = PBXVariantGroup;
			children = (
				7DA6EFDD21CCBAD1004D5FC8 /* Base */,
			);
			name = LaunchScreen.storyboard;
			sourceTree = "<group>";
		};
/* End PBXVariantGroup section */

/* Begin XCBuildConfiguration section */
		7DA6EFE221CCBAD1004D5FC8 /* Debug */ = {
			isa = XCBuildConfiguration;
			buildSettings = {
				ALWAYS_SEARCH_USER_PATHS = NO;
				CLANG_ANALYZER_NONNULL = YES;
				CLANG_ANALYZER_NUMBER_OBJECT_CONVERSION = YES_AGGRESSIVE;
				CLANG_CXX_LANGUAGE_STANDARD = "gnu++14";
				CLANG_CXX_LIBRARY = "libc++";
				CLANG_ENABLE_MODULES = YES;
				CLANG_ENABLE_OBJC_ARC = YES;
				CLANG_ENABLE_OBJC_WEAK = YES;
				CLANG_WARN_BLOCK_CAPTURE_AUTORELEASING = YES;
				CLANG_WARN_BOOL_CONVERSION = YES;
				CLANG_WARN_COMMA = YES;
				CLANG_WARN_CONSTANT_CONVERSION = YES;
				CLANG_WARN_DEPRECATED_OBJC_IMPLEMENTATIONS = YES;
				CLANG_WARN_DIRECT_OBJC_ISA_USAGE = YES_ERROR;
				CLANG_WARN_DOCUMENTATION_COMMENTS = YES;
				CLANG_WARN_EMPTY_BODY = YES;
				CLANG_WARN_ENUM_CONVERSION = YES;
				CLANG_WARN_INFINITE_RECURSION = YES;
				CLANG_WARN_INT_CONVERSION = YES;
				CLANG_WARN_NON_LITERAL_NULL_CONVERSION = YES;
				CLANG_WARN_OBJC_IMPLICIT_RETAIN_SELF = YES;
				CLANG_WARN_OBJC_LITERAL_CONVERSION = YES;
				CLANG_WARN_OBJC_ROOT_CLASS = YES_ERROR;
				CLANG_WARN_RANGE_LOOP_ANALYSIS = YES;
				CLANG_WARN_STRICT_PROTOTYPES = YES;
				CLANG_WARN_SUSPICIOUS_MOVE = YES;
				CLANG_WARN_UNGUARDED_AVAILABILITY = YES_AGGRESSIVE;
				CLANG_WARN_UNREACHABLE_CODE = YES;
				CLANG_WARN__DUPLICATE_METHOD_MATCH = YES;
				CODE_SIGN_IDENTITY = "iPhone Developer";
				COPY_PHASE_STRIP = NO;
				DEBUG_INFORMATION_FORMAT = dwarf;
				ENABLE_STRICT_OBJC_MSGSEND = YES;
				ENABLE_TESTABILITY = YES;
				GCC_C_LANGUAGE_STANDARD = gnu11;
				GCC_DYNAMIC_NO_PIC = NO;
				GCC_NO_COMMON_BLOCKS = YES;
				GCC_OPTIMIZATION_LEVEL = 0;
				GCC_PREPROCESSOR_DEFINITIONS = (
					"DEBUG=1",
					"$(inherited)",
				);
				GCC_WARN_64_TO_32_BIT_CONVERSION = YES;
				GCC_WARN_ABOUT_RETURN_TYPE = YES_ERROR;
				GCC_WARN_UNDECLARED_SELECTOR = YES;
				GCC_WARN_UNINITIALIZED_AUTOS = YES_AGGRESSIVE;
				GCC_WARN_UNUSED_FUNCTION = YES;
				GCC_WARN_UNUSED_VARIABLE = YES;
				IPHONEOS_DEPLOYMENT_TARGET = 9.0;
				MTL_ENABLE_DEBUG_INFO = INCLUDE_SOURCE;
				MTL_FAST_MATH = YES;
				ONLY_ACTIVE_ARCH = YES;
				SDKROOT = iphoneos;
			};
			name = Debug;
		};
		7DA6EFE321CCBAD1004D5FC8 /* Release */ = {
			isa = XCBuildConfiguration;
			buildSettings = {
				ALWAYS_SEARCH_USER_PATHS = NO;
				CLANG_ANALYZER_NONNULL = YES;
				CLANG_ANALYZER_NUMBER_OBJECT_CONVERSION = YES_AGGRESSIVE;
				CLANG_CXX_LANGUAGE_STANDARD = "gnu++14";
				CLANG_CXX_LIBRARY = "libc++";
				CLANG_ENABLE_MODULES = YES;
				CLANG_ENABLE_OBJC_ARC = YES;
				CLANG_ENABLE_OBJC_WEAK = YES;
				CLANG_WARN_BLOCK_CAPTURE_AUTORELEASING = YES;
				CLANG_WARN_BOOL_CONVERSION = YES;
				CLANG_WARN_COMMA = YES;
				CLANG_WARN_CONSTANT_CONVERSION = YES;
				CLANG_WARN_DEPRECATED_OBJC_IMPLEMENTATIONS = YES;
				CLANG_WARN_DIRECT_OBJC_ISA_USAGE = YES_ERROR;
				CLANG_WARN_DOCUMENTATION_COMMENTS = YES;
				CLANG_WARN_EMPTY_BODY = YES;
				CLANG_WARN_ENUM_CONVERSION = YES;
				CLANG_WARN_INFINITE_RECURSION = YES;
				CLANG_WARN_INT_CONVERSION = YES;
				CLANG_WARN_NON_LITERAL_NULL_CONVERSION = YES;
				CLANG_WARN_OBJC_IMPLICIT_RETAIN_SELF = YES;
				CLANG_WARN_OBJC_LITERAL_CONVERSION = YES;
				CLANG_WARN_OBJC_ROOT_CLASS = YES_ERROR;
				CLANG_WARN_RANGE_LOOP_ANALYSIS = YES;
				CLANG_WARN_STRICT_PROTOTYPES = YES;
				CLANG_WARN_SUSPICIOUS_MOVE = YES;
				CLANG_WARN_UNGUARDED_AVAILABILITY = YES_AGGRESSIVE;
				CLANG_WARN_UNREACHABLE_CODE = YES;
				CLANG_WARN__DUPLICATE_METHOD_MATCH = YES;
				CODE_SIGN_IDENTITY = "iPhone Developer";
				COPY_PHASE_STRIP = NO;
				DEBUG_INFORMATION_FORMAT = "dwarf-with-dsym";
				ENABLE_NS_ASSERTIONS = NO;
				ENABLE_STRICT_OBJC_MSGSEND = YES;
				GCC_C_LANGUAGE_STANDARD = gnu11;
				GCC_NO_COMMON_BLOCKS = YES;
				GCC_WARN_64_TO_32_BIT_CONVERSION = YES;
				GCC_WARN_ABOUT_RETURN_TYPE = YES_ERROR;
				GCC_WARN_UNDECLARED_SELECTOR = YES;
				GCC_WARN_UNINITIALIZED_AUTOS = YES_AGGRESSIVE;
				GCC_WARN_UNUSED_FUNCTION = YES;
				GCC_WARN_UNUSED_VARIABLE = YES;
				IPHONEOS_DEPLOYMENT_TARGET = 9.0;
				MTL_ENABLE_DEBUG_INFO = NO;
				MTL_FAST_MATH = YES;
				SDKROOT = iphoneos;
				VALIDATE_PRODUCT = YES;
			};
			name = Release;
		};
		7DA6EFE521CCBAD1004D5FC8 /* Debug */ = {
			isa = XCBuildConfiguration;
			buildSettings = {
				ASSETCATALOG_COMPILER_APPICON_NAME = AppIcon;
				CODE_SIGN_STYLE = Automatic;
				DEVELOPMENT_TEAM = HP3ZF27SH5;
				GCC_PREFIX_HEADER = Demo/Demo.pch;
				INFOPLIST_FILE = Demo/Info.plist;
				IPHONEOS_DEPLOYMENT_TARGET = 9.0;
				LD_RUNPATH_SEARCH_PATHS = (
					"$(inherited)",
					"@executable_path/Frameworks",
				);
				PRODUCT_BUNDLE_IDENTIFIER = com.163.cn.Demo;
				PRODUCT_NAME = "$(TARGET_NAME)";
				TARGETED_DEVICE_FAMILY = 1;
			};
			name = Debug;
		};
		7DA6EFE621CCBAD1004D5FC8 /* Release */ = {
			isa = XCBuildConfiguration;
			buildSettings = {
				ASSETCATALOG_COMPILER_APPICON_NAME = AppIcon;
				CODE_SIGN_STYLE = Automatic;
				DEVELOPMENT_TEAM = HP3ZF27SH5;
				GCC_PREFIX_HEADER = Demo/Demo.pch;
				INFOPLIST_FILE = Demo/Info.plist;
				IPHONEOS_DEPLOYMENT_TARGET = 9.0;
				LD_RUNPATH_SEARCH_PATHS = (
					"$(inherited)",
					"@executable_path/Frameworks",
				);
				PRODUCT_BUNDLE_IDENTIFIER = com.163.cn.Demo;
				PRODUCT_NAME = "$(TARGET_NAME)";
				TARGETED_DEVICE_FAMILY = 1;
			};
			name = Release;
		};
/* End XCBuildConfiguration section */

/* Begin XCConfigurationList section */
		7DA6EFC921CCBAD0004D5FC8 /* Build configuration list for PBXProject "Demo" */ = {
			isa = XCConfigurationList;
			buildConfigurations = (
				7DA6EFE221CCBAD1004D5FC8 /* Debug */,
				7DA6EFE321CCBAD1004D5FC8 /* Release */,
			);
			defaultConfigurationIsVisible = 0;
			defaultConfigurationName = Release;
		};
		7DA6EFE421CCBAD1004D5FC8 /* Build configuration list for PBXNativeTarget "Demo" */ = {
			isa = XCConfigurationList;
			buildConfigurations = (
				7DA6EFE521CCBAD1004D5FC8 /* Debug */,
				7DA6EFE621CCBAD1004D5FC8 /* Release */,
			);
			defaultConfigurationIsVisible = 0;
			defaultConfigurationName = Release;
		};
/* End XCConfigurationList section */
	};
	rootObject = 7DA6EFC621CCBAD0004D5FC8 /* Project object */;
}
